
Microsoft Visual Studio Solution File, Format Version 12.00
# Visual Studio 15
VisualStudioVersion = 15.0.27004.2009
MinimumVisualStudioVersion = 10.0.40219.1
Project("{FAE04EC0-301F-11D3-BF4B-00C04F79EFBC}") = "Api", "Api\Api.csproj", "{0B350780-174A-4BCE-A3B4-88F54820FAF9}"
EndProject
Global
	GlobalSection(SolutionConfigurationPlatforms) = preSolution
		Debug|Any CPU = Debug|Any CPU
		Release|Any CPU = Release|Any CPU
	EndGlobalSection
	GlobalSection(ProjectConfigurationPlatforms) = postSolution
		{0B350780-174A-4BCE-A3B4-88F54820FAF9}.Debug|Any CPU.ActiveCfg = Debug|Any CPU
		{0B350780-174A-4BCE-A3B4-88F54820FAF9}.Debug|Any CPU.Build.0 = Debug|Any CPU
		{0B350780-174A-4BCE-A3B4-88F54820FAF9}.Release|Any CPU.ActiveCfg = Release|Any CPU
		{0B350780-174A-4BCE-A3B4-88F54820FAF9}.Release|Any CPU.Build.0 = Release|Any CPU
	EndGlobalSection
	GlobalSection(SolutionProperties) = preSolution
		HideSolutionNode = FALSE
	EndGlobalSection
	GlobalSection(ExtensibilityGlobals) = postSolution
		SolutionGuid = {B6353681-5CA0-4F57-8DE8-527AE7F0ABC2}
	EndGlobalSection
EndGlobal
